# This file is automatically @generated by Cargo.
# It is not intended for manual editing.
version = 3

[[package]]
name = "pause_console"
version = "0.1.3"
source = "registry+https://github.com/rust-lang/crates.io-index"
checksum = "12a91a820fa226cb8ddab3986ae0318e3e803bd0984ec5eb9de9dcb637b217f3"

[[package]]
name = "rust-calc"
version = "0.1.0"
dependencies = [
 "pause_console",
]
